
Microsoft Visual Studio Solution File, Format Version 12.00
# Visual Studio Version 17
VisualStudioVersion = 17.0.31903.59
MinimumVisualStudioVersion = 10.0.40219.1
Project("{FAE04EC0-301F-11D3-BF4B-00C04F79EFBC}") = "ChatBombProject.Webapi", "ChatBombProject.Webapi\ChatBombProject.Webapi.csproj", "{6173BFAC-BEFA-4A8E-9AA6-24B0CE0351E2}"
EndProject
Project("{FAE04EC0-301F-11D3-BF4B-00C04F79EFBC}") = "ChatBombProject.Application", "ChatBombProject.Application\ChatBombProject.Application.csproj", "{773337E4-531E-4780-A81A-D2833AF6B2BC}"
EndProject
Global
	GlobalSection(SolutionConfigurationPlatforms) = preSolution
		Debug|Any CPU = Debug|Any CPU
		Release|Any CPU = Release|Any CPU
	EndGlobalSection
	GlobalSection(SolutionProperties) = preSolution
		HideSolutionNode = FALSE
	EndGlobalSection
	GlobalSection(ProjectConfigurationPlatforms) = postSolution
		{6173BFAC-BEFA-4A8E-9AA6-24B0CE0351E2}.Debug|Any CPU.ActiveCfg = Debug|Any CPU
		{6173BFAC-BEFA-4A8E-9AA6-24B0CE0351E2}.Debug|Any CPU.Build.0 = Debug|Any CPU
		{6173BFAC-BEFA-4A8E-9AA6-24B0CE0351E2}.Release|Any CPU.ActiveCfg = Release|Any CPU
		{6173BFAC-BEFA-4A8E-9AA6-24B0CE0351E2}.Release|Any CPU.Build.0 = Release|Any CPU
		{773337E4-531E-4780-A81A-D2833AF6B2BC}.Debug|Any CPU.ActiveCfg = Debug|Any CPU
		{773337E4-531E-4780-A81A-D2833AF6B2BC}.Debug|Any CPU.Build.0 = Debug|Any CPU
		{773337E4-531E-4780-A81A-D2833AF6B2BC}.Release|Any CPU.ActiveCfg = Release|Any CPU
		{773337E4-531E-4780-A81A-D2833AF6B2BC}.Release|Any CPU.Build.0 = Release|Any CPU
	EndGlobalSection
EndGlobal
